
Microsoft Visual Studio Solution File, Format Version 12.00
# Visual Studio Version 17
VisualStudioVersion = 17.12.35527.113 d17.12
MinimumVisualStudioVersion = 10.0.40219.1
Project("{FAE04EC0-301F-11D3-BF4B-00C04F79EFBC}") = "Task1", "Task1\Task1.csproj", "{2F508965-90AA-45ED-BDFF-4B6A2DFF249F}"
EndProject
Project("{FAE04EC0-301F-11D3-BF4B-00C04F79EFBC}") = "Task2", "Task2\Task2.csproj", "{C2814C54-A878-4D89-BB84-9E0823DC788E}"
EndProject
Project("{FAE04EC0-301F-11D3-BF4B-00C04F79EFBC}") = "Task3", "Task3\Task3.csproj", "{EAE2435B-2D4E-4974-9660-15B43ECA67E4}"
EndProject
Global
	GlobalSection(SolutionConfigurationPlatforms) = preSolution
		Debug|Any CPU = Debug|Any CPU
		Release|Any CPU = Release|Any CPU
	EndGlobalSection
	GlobalSection(ProjectConfigurationPlatforms) = postSolution
		{2F508965-90AA-45ED-BDFF-4B6A2DFF249F}.Debug|Any CPU.ActiveCfg = Debug|Any CPU
		{2F508965-90AA-45ED-BDFF-4B6A2DFF249F}.Debug|Any CPU.Build.0 = Debug|Any CPU
		{2F508965-90AA-45ED-BDFF-4B6A2DFF249F}.Release|Any CPU.ActiveCfg = Release|Any CPU
		{2F508965-90AA-45ED-BDFF-4B6A2DFF249F}.Release|Any CPU.Build.0 = Release|Any CPU
		{C2814C54-A878-4D89-BB84-9E0823DC788E}.Debug|Any CPU.ActiveCfg = Debug|Any CPU
		{C2814C54-A878-4D89-BB84-9E0823DC788E}.Debug|Any CPU.Build.0 = Debug|Any CPU
		{C2814C54-A878-4D89-BB84-9E0823DC788E}.Release|Any CPU.ActiveCfg = Release|Any CPU
		{C2814C54-A878-4D89-BB84-9E0823DC788E}.Release|Any CPU.Build.0 = Release|Any CPU
		{EAE2435B-2D4E-4974-9660-15B43ECA67E4}.Debug|Any CPU.ActiveCfg = Debug|Any CPU
		{EAE2435B-2D4E-4974-9660-15B43ECA67E4}.Debug|Any CPU.Build.0 = Debug|Any CPU
		{EAE2435B-2D4E-4974-9660-15B43ECA67E4}.Release|Any CPU.ActiveCfg = Release|Any CPU
		{EAE2435B-2D4E-4974-9660-15B43ECA67E4}.Release|Any CPU.Build.0 = Release|Any CPU
	EndGlobalSection
	GlobalSection(SolutionProperties) = preSolution
		HideSolutionNode = FALSE
	EndGlobalSection
EndGlobal
